
Microsoft Visual Studio Solution File, Format Version 12.00
# Visual Studio Version 17
VisualStudioVersion = 17.4.33205.214
MinimumVisualStudioVersion = 10.0.40219.1
Project("{FAE04EC0-301F-11D3-BF4B-00C04F79EFBC}") = "AcaiApi", "AcaiApi\AcaiApi.csproj", "{4F78C356-2BA9-4498-9DAE-8897027B6559}"
EndProject
Global
	GlobalSection(SolutionConfigurationPlatforms) = preSolution
		Debug|Any CPU = Debug|Any CPU
		Release|Any CPU = Release|Any CPU
	EndGlobalSection
	GlobalSection(ProjectConfigurationPlatforms) = postSolution
		{4F78C356-2BA9-4498-9DAE-8897027B6559}.Debug|Any CPU.ActiveCfg = Debug|Any CPU
		{4F78C356-2BA9-4498-9DAE-8897027B6559}.Debug|Any CPU.Build.0 = Debug|Any CPU
		{4F78C356-2BA9-4498-9DAE-8897027B6559}.Release|Any CPU.ActiveCfg = Release|Any CPU
		{4F78C356-2BA9-4498-9DAE-8897027B6559}.Release|Any CPU.Build.0 = Release|Any CPU
	EndGlobalSection
	GlobalSection(SolutionProperties) = preSolution
		HideSolutionNode = FALSE
	EndGlobalSection
	GlobalSection(ExtensibilityGlobals) = postSolution
		SolutionGuid = {4E9D857D-3450-47D7-9BBE-C2B7134496E8}
	EndGlobalSection
EndGlobal
